// !$*UTF8*$!
{
	archiveVersion = 1;
	classes = {
	};
	objectVersion = 46;
	objects = {

/* Begin PBXBuildFile section */
		AB95E7E71F2073F800BD36AE /* VNOfficeHourPicker.framework in Frameworks */ = {isa = PBXBuildFile; fileRef = AB95E7DD1F2073F800BD36AE /* VNOfficeHourPicker.framework */; };
		AB95E7EC1F2073F800BD36AE /* VNOfficeHourPickerTests.swift in Sources */ = {isa = PBXBuildFile; fileRef = AB95E7EB1F2073F800BD36AE /* VNOfficeHourPickerTests.swift */; };
		AB95E7EE1F2073F800BD36AE /* VNOfficeHourPicker.h in Headers */ = {isa = PBXBuildFile; fileRef = AB95E7E01F2073F800BD36AE /* VNOfficeHourPicker.h */; settings = {ATTRIBUTES = (Public, ); }; };
		AB95E7FC1F2078C100BD36AE /* Extention+Extra.swift in Sources */ = {isa = PBXBuildFile; fileRef = AB95E7F81F2078C100BD36AE /* Extention+Extra.swift */; };
		AB95E7FD1F2078C100BD36AE /* CustomButton.swift in Sources */ = {isa = PBXBuildFile; fileRef = AB95E7F91F2078C100BD36AE /* CustomButton.swift */; };
		AB95E7FE1F2078C100BD36AE /* CustomLabel.swift in Sources */ = {isa = PBXBuildFile; fileRef = AB95E7FA1F2078C100BD36AE /* CustomLabel.swift */; };
		AB95E7FF1F2078C100BD36AE /* CustomTextField.swift in Sources */ = {isa = PBXBuildFile; fileRef = AB95E7FB1F2078C100BD36AE /* CustomTextField.swift */; };
		AB95E8041F20799300BD36AE /* VNOfficeHourTableViewCell.swift in Sources */ = {isa = PBXBuildFile; fileRef = AB95E8021F20799300BD36AE /* VNOfficeHourTableViewCell.swift */; };
		AB95E8051F20799300BD36AE /* VNOfficeHourTableViewCell.xib in Resources */ = {isa = PBXBuildFile; fileRef = AB95E8031F20799300BD36AE /* VNOfficeHourTableViewCell.xib */; };
		AB95E8091F2079C400BD36AE /* VNOfficeHour.storyboard in Resources */ = {isa = PBXBuildFile; fileRef = AB95E8071F2079C400BD36AE /* VNOfficeHour.storyboard */; };
		AB95E80A1F2079C400BD36AE /* VNOfficeHourViewController.swift in Sources */ = {isa = PBXBuildFile; fileRef = AB95E8081F2079C400BD36AE /* VNOfficeHourViewController.swift */; };
		AB95E80D1F2079D300BD36AE /* VNOfficeHourView.swift in Sources */ = {isa = PBXBuildFile; fileRef = AB95E80B1F2079D300BD36AE /* VNOfficeHourView.swift */; };
		AB95E80E1F2079D300BD36AE /* VNOfficeHourView.xib in Resources */ = {isa = PBXBuildFile; fileRef = AB95E80C1F2079D300BD36AE /* VNOfficeHourView.xib */; };
		AB95E8131F207AB900BD36AE /* ViewController.swift in Sources */ = {isa = PBXBuildFile; fileRef = AB95E8101F207AB900BD36AE /* ViewController.swift */; };
		AB95E8141F207AB900BD36AE /* Main.storyboard in Resources */ = {isa = PBXBuildFile; fileRef = AB95E8111F207AB900BD36AE /* Main.storyboard */; };
		AB95E8151F207AB900BD36AE /* Assets.xcassets in Resources */ = {isa = PBXBuildFile; fileRef = AB95E8121F207AB900BD36AE /* Assets.xcassets */; };
/* End PBXBuildFile section */

/* Begin PBXContainerItemProxy section */
		AB95E7E81F2073F800BD36AE /* PBXContainerItemProxy */ = {
			isa = PBXContainerItemProxy;
			containerPortal = AB95E7D41F2073F800BD36AE /* Project object */;
			proxyType = 1;
			remoteGlobalIDString = AB95E7DC1F2073F800BD36AE;
			remoteInfo = VNOfficeHourPicker;
		};
/* End PBXContainerItemProxy section */

/* Begin PBXFileReference section */
		AB95E7DD1F2073F800BD36AE /* VNOfficeHourPicker.framework */ = {isa = PBXFileReference; explicitFileType = wrapper.framework; includeInIndex = 0; path = VNOfficeHourPicker.framework; sourceTree = BUILT_PRODUCTS_DIR; };
		AB95E7E01F2073F800BD36AE /* VNOfficeHourPicker.h */ = {isa = PBXFileReference; lastKnownFileType = sourcecode.c.h; path = VNOfficeHourPicker.h; sourceTree = "<group>"; };
		AB95E7E11F2073F800BD36AE /* Info.plist */ = {isa = PBXFileReference; lastKnownFileType = text.plist.xml; path = Info.plist; sourceTree = "<group>"; };
		AB95E7E61F2073F800BD36AE /* VNOfficeHourPickerTests.xctest */ = {isa = PBXFileReference; explicitFileType = wrapper.cfbundle; includeInIndex = 0; path = VNOfficeHourPickerTests.xctest; sourceTree = BUILT_PRODUCTS_DIR; };
		AB95E7EB1F2073F800BD36AE /* VNOfficeHourPickerTests.swift */ = {isa = PBXFileReference; lastKnownFileType = sourcecode.swift; path = VNOfficeHourPickerTests.swift; sourceTree = "<group>"; };
		AB95E7ED1F2073F800BD36AE /* Info.plist */ = {isa = PBXFileReference; lastKnownFileType = text.plist.xml; path = Info.plist; sourceTree = "<group>"; };
		AB95E7F81F2078C100BD36AE /* Extention+Extra.swift */ = {isa = PBXFileReference; fileEncoding = 4; lastKnownFileType = sourcecode.swift; path = "Extention+Extra.swift"; sourceTree = "<group>"; };
		AB95E7F91F2078C100BD36AE /* CustomButton.swift */ = {isa = PBXFileReference; fileEncoding = 4; lastKnownFileType = sourcecode.swift; path = CustomButton.swift; sourceTree = "<group>"; };
		AB95E7FA1F2078C100BD36AE /* CustomLabel.swift */ = {isa = PBXFileReference; fileEncoding = 4; lastKnownFileType = sourcecode.swift; path = CustomLabel.swift; sourceTree = "<group>"; };
		AB95E7FB1F2078C100BD36AE /* CustomTextField.swift */ = {isa = PBXFileReference; fileEncoding = 4; lastKnownFileType = sourcecode.swift; path = CustomTextField.swift; sourceTree = "<group>"; };
		AB95E8021F20799300BD36AE /* VNOfficeHourTableViewCell.swift */ = {isa = PBXFileReference; fileEncoding = 4; lastKnownFileType = sourcecode.swift; path = VNOfficeHourTableViewCell.swift; sourceTree = "<group>"; };
		AB95E8031F20799300BD36AE /* VNOfficeHourTableViewCell.xib */ = {isa = PBXFileReference; fileEncoding = 4; lastKnownFileType = file.xib; path = VNOfficeHourTableViewCell.xib; sourceTree = "<group>"; };
		AB95E8071F2079C400BD36AE /* VNOfficeHour.storyboard */ = {isa = PBXFileReference; fileEncoding = 4; lastKnownFileType = file.storyboard; path = VNOfficeHour.storyboard; sourceTree = "<group>"; };
		AB95E8081F2079C400BD36AE /* VNOfficeHourViewController.swift */ = {isa = PBXFileReference; fileEncoding = 4; lastKnownFileType = sourcecode.swift; path = VNOfficeHourViewController.swift; sourceTree = "<group>"; };
		AB95E80B1F2079D300BD36AE /* VNOfficeHourView.swift */ = {isa = PBXFileReference; fileEncoding = 4; lastKnownFileType = sourcecode.swift; path = VNOfficeHourView.swift; sourceTree = "<group>"; };
		AB95E80C1F2079D300BD36AE /* VNOfficeHourView.xib */ = {isa = PBXFileReference; fileEncoding = 4; lastKnownFileType = file.xib; path = VNOfficeHourView.xib; sourceTree = "<group>"; };
		AB95E8101F207AB900BD36AE /* ViewController.swift */ = {isa = PBXFileReference; fileEncoding = 4; lastKnownFileType = sourcecode.swift; path = ViewController.swift; sourceTree = "<group>"; };
		AB95E8111F207AB900BD36AE /* Main.storyboard */ = {isa = PBXFileReference; fileEncoding = 4; lastKnownFileType = file.storyboard; path = Main.storyboard; sourceTree = "<group>"; };
		AB95E8121F207AB900BD36AE /* Assets.xcassets */ = {isa = PBXFileReference; lastKnownFileType = folder.assetcatalog; path = Assets.xcassets; sourceTree = "<group>"; };
/* End PBXFileReference section */

/* Begin PBXFrameworksBuildPhase section */
		AB95E7D91F2073F800BD36AE /* Frameworks */ = {
			isa = PBXFrameworksBuildPhase;
			buildActionMask = 2147483647;
			files = (
			);
			runOnlyForDeploymentPostprocessing = 0;
		};
		AB95E7E31F2073F800BD36AE /* Frameworks */ = {
			isa = PBXFrameworksBuildPhase;
			buildActionMask = 2147483647;
			files = (
				AB95E7E71F2073F800BD36AE /* VNOfficeHourPicker.framework in Frameworks */,
			);
			runOnlyForDeploymentPostprocessing = 0;
		};
/* End PBXFrameworksBuildPhase section */

/* Begin PBXGroup section */
		AB95E7D31F2073F800BD36AE = {
			isa = PBXGroup;
			children = (
				AB95E7DF1F2073F800BD36AE /* VNOfficeHourPicker */,
				AB95E7EA1F2073F800BD36AE /* VNOfficeHourPickerTests */,
				AB95E7DE1F2073F800BD36AE /* Products */,
			);
			sourceTree = "<group>";
		};
		AB95E7DE1F2073F800BD36AE /* Products */ = {
			isa = PBXGroup;
			children = (
				AB95E7DD1F2073F800BD36AE /* VNOfficeHourPicker.framework */,
				AB95E7E61F2073F800BD36AE /* VNOfficeHourPickerTests.xctest */,
			);
			name = Products;
			sourceTree = "<group>";
		};
		AB95E7DF1F2073F800BD36AE /* VNOfficeHourPicker */ = {
			isa = PBXGroup;
			children = (
				AB95E80F1F2079D800BD36AE /* Example */,
				AB95E8001F2078D600BD36AE /* VNOfficeHourPicker */,
				AB95E7F71F20789700BD36AE /* Utilities */,
				AB95E7E01F2073F800BD36AE /* VNOfficeHourPicker.h */,
				AB95E7E11F2073F800BD36AE /* Info.plist */,
			);
			path = VNOfficeHourPicker;
			sourceTree = "<group>";
		};
		AB95E7EA1F2073F800BD36AE /* VNOfficeHourPickerTests */ = {
			isa = PBXGroup;
			children = (
				AB95E7EB1F2073F800BD36AE /* VNOfficeHourPickerTests.swift */,
				AB95E7ED1F2073F800BD36AE /* Info.plist */,
			);
			path = VNOfficeHourPickerTests;
			sourceTree = "<group>";
		};
		AB95E7F71F20789700BD36AE /* Utilities */ = {
			isa = PBXGroup;
			children = (
				AB95E7F81F2078C100BD36AE /* Extention+Extra.swift */,
				AB95E7F91F2078C100BD36AE /* CustomButton.swift */,
				AB95E7FA1F2078C100BD36AE /* CustomLabel.swift */,
				AB95E7FB1F2078C100BD36AE /* CustomTextField.swift */,
			);
			path = Utilities;
			sourceTree = "<group>";
		};
		AB95E8001F2078D600BD36AE /* VNOfficeHourPicker */ = {
			isa = PBXGroup;
			children = (
				AB95E80B1F2079D300BD36AE /* VNOfficeHourView.swift */,
				AB95E80C1F2079D300BD36AE /* VNOfficeHourView.xib */,
				AB95E8061F2079A600BD36AE /* VNOfficeHourViewController */,
				AB95E8011F2078FE00BD36AE /* VNOfficeHourTableViewCell */,
			);
			path = VNOfficeHourPicker;
			sourceTree = "<group>";
		};
		AB95E8011F2078FE00BD36AE /* VNOfficeHourTableViewCell */ = {
			isa = PBXGroup;
			children = (
				AB95E8021F20799300BD36AE /* VNOfficeHourTableViewCell.swift */,
				AB95E8031F20799300BD36AE /* VNOfficeHourTableViewCell.xib */,
			);
			path = VNOfficeHourTableViewCell;
			sourceTree = "<group>";
		};
		AB95E8061F2079A600BD36AE /* VNOfficeHourViewController */ = {
			isa = PBXGroup;
			children = (
				AB95E8071F2079C400BD36AE /* VNOfficeHour.storyboard */,
				AB95E8081F2079C400BD36AE /* VNOfficeHourViewController.swift */,
			);
			path = VNOfficeHourViewController;
			sourceTree = "<group>";
		};
		AB95E80F1F2079D800BD36AE /* Example */ = {
			isa = PBXGroup;
			children = (
				AB95E8101F207AB900BD36AE /* ViewController.swift */,
				AB95E8111F207AB900BD36AE /* Main.storyboard */,
				AB95E8121F207AB900BD36AE /* Assets.xcassets */,
			);
			path = Example;
			sourceTree = "<group>";
		};
/* End PBXGroup section */

/* Begin PBXHeadersBuildPhase section */
		AB95E7DA1F2073F800BD36AE /* Headers */ = {
			isa = PBXHeadersBuildPhase;
			buildActionMask = 2147483647;
			files = (
				AB95E7EE1F2073F800BD36AE /* VNOfficeHourPicker.h in Headers */,
			);
			runOnlyForDeploymentPostprocessing = 0;
		};
/* End PBXHeadersBuildPhase section */

/* Begin PBXNativeTarget section */
		AB95E7DC1F2073F800BD36AE /* VNOfficeHourPicker */ = {
			isa = PBXNativeTarget;
			buildConfigurationList = AB95E7F11F2073F800BD36AE /* Build configuration list for PBXNativeTarget "VNOfficeHourPicker" */;
			buildPhases = (
				AB95E7D81F2073F800BD36AE /* Sources */,
				AB95E7D91F2073F800BD36AE /* Frameworks */,
				AB95E7DA1F2073F800BD36AE /* Headers */,
				AB95E7DB1F2073F800BD36AE /* Resources */,
			);
			buildRules = (
			);
			dependencies = (
			);
			name = VNOfficeHourPicker;
			productName = VNOfficeHourPicker;
			productReference = AB95E7DD1F2073F800BD36AE /* VNOfficeHourPicker.framework */;
			productType = "com.apple.product-type.framework";
		};
		AB95E7E51F2073F800BD36AE /* VNOfficeHourPickerTests */ = {
			isa = PBXNativeTarget;
			buildConfigurationList = AB95E7F41F2073F800BD36AE /* Build configuration list for PBXNativeTarget "VNOfficeHourPickerTests" */;
			buildPhases = (
				AB95E7E21F2073F800BD36AE /* Sources */,
				AB95E7E31F2073F800BD36AE /* Frameworks */,
				AB95E7E41F2073F800BD36AE /* Resources */,
			);
			buildRules = (
			);
			dependencies = (
				AB95E7E91F2073F800BD36AE /* PBXTargetDependency */,
			);
			name = VNOfficeHourPickerTests;
			productName = VNOfficeHourPickerTests;
			productReference = AB95E7E61F2073F800BD36AE /* VNOfficeHourPickerTests.xctest */;
			productType = "com.apple.product-type.bundle.unit-test";
		};
/* End PBXNativeTarget section */

/* Begin PBXProject section */
		AB95E7D41F2073F800BD36AE /* Project object */ = {
			isa = PBXProject;
			attributes = {
				LastSwiftUpdateCheck = 0830;
				LastUpgradeCheck = 0830;
				ORGANIZATIONNAME = Varun;
				TargetAttributes = {
					AB95E7DC1F2073F800BD36AE = {
						CreatedOnToolsVersion = 8.3.2;
						DevelopmentTeam = 2658J76W2S;
						LastSwiftMigration = 0830;
						ProvisioningStyle = Automatic;
					};
					AB95E7E51F2073F800BD36AE = {
						CreatedOnToolsVersion = 8.3.2;
						DevelopmentTeam = 2658J76W2S;
						ProvisioningStyle = Automatic;
					};
				};
			};
			buildConfigurationList = AB95E7D71F2073F800BD36AE /* Build configuration list for PBXProject "VNOfficeHourPicker" */;
			compatibilityVersion = "Xcode 3.2";
			developmentRegion = English;
			hasScannedForEncodings = 0;
			knownRegions = (
				en,
			);
			mainGroup = AB95E7D31F2073F800BD36AE;
			productRefGroup = AB95E7DE1F2073F800BD36AE /* Products */;
			projectDirPath = "";
			projectRoot = "";
			targets = (
				AB95E7DC1F2073F800BD36AE /* VNOfficeHourPicker */,
				AB95E7E51F2073F800BD36AE /* VNOfficeHourPickerTests */,
			);
		};
/* End PBXProject section */

/* Begin PBXResourcesBuildPhase section */
		AB95E7DB1F2073F800BD36AE /* Resources */ = {
			isa = PBXResourcesBuildPhase;
			buildActionMask = 2147483647;
			files = (
				AB95E8091F2079C400BD36AE /* VNOfficeHour.storyboard in Resources */,
				AB95E8051F20799300BD36AE /* VNOfficeHourTableViewCell.xib in Resources */,
				AB95E80E1F2079D300BD36AE /* VNOfficeHourView.xib in Resources */,
				AB95E8141F207AB900BD36AE /* Main.storyboard in Resources */,
				AB95E8151F207AB900BD36AE /* Assets.xcassets in Resources */,
			);
			runOnlyForDeploymentPostprocessing = 0;
		};
		AB95E7E41F2073F800BD36AE /* Resources */ = {
			isa = PBXResourcesBuildPhase;
			buildActionMask = 2147483647;
			files = (
			);
			runOnlyForDeploymentPostprocessing = 0;
		};
/* End PBXResourcesBuildPhase section */

/* Begin PBXSourcesBuildPhase section */
		AB95E7D81F2073F800BD36AE /* Sources */ = {
			isa = PBXSourcesBuildPhase;
			buildActionMask = 2147483647;
			files = (
				AB95E80A1F2079C400BD36AE /* VNOfficeHourViewController.swift in Sources */,
				AB95E7FF1F2078C100BD36AE /* CustomTextField.swift in Sources */,
				AB95E7FD1F2078C100BD36AE /* CustomButton.swift in Sources */,
				AB95E7FE1F2078C100BD36AE /* CustomLabel.swift in Sources */,
				AB95E8041F20799300BD36AE /* VNOfficeHourTableViewCell.swift in Sources */,
				AB95E7FC1F2078C100BD36AE /* Extention+Extra.swift in Sources */,
				AB95E8131F207AB900BD36AE /* ViewController.swift in Sources */,
				AB95E80D1F2079D300BD36AE /* VNOfficeHourView.swift in Sources */,
			);
			runOnlyForDeploymentPostprocessing = 0;
		};
		AB95E7E21F2073F800BD36AE /* Sources */ = {
			isa = PBXSourcesBuildPhase;
			buildActionMask = 2147483647;
			files = (
				AB95E7EC1F2073F800BD36AE /* VNOfficeHourPickerTests.swift in Sources */,
			);
			runOnlyForDeploymentPostprocessing = 0;
		};
/* End PBXSourcesBuildPhase section */

/* Begin PBXTargetDependency section */
		AB95E7E91F2073F800BD36AE /* PBXTargetDependency */ = {
			isa = PBXTargetDependency;
			target = AB95E7DC1F2073F800BD36AE /* VNOfficeHourPicker */;
			targetProxy = AB95E7E81F2073F800BD36AE /* PBXContainerItemProxy */;
		};
/* End PBXTargetDependency section */

/* Begin XCBuildConfiguration section */
		AB95E7EF1F2073F800BD36AE /* Debug */ = {
			isa = XCBuildConfiguration;
			buildSettings = {
				ALWAYS_SEARCH_USER_PATHS = NO;
				CLANG_ANALYZER_NONNULL = YES;
				CLANG_ANALYZER_NUMBER_OBJECT_CONVERSION = YES_AGGRESSIVE;
				CLANG_CXX_LANGUAGE_STANDARD = "gnu++0x";
				CLANG_CXX_LIBRARY = "libc++";
				CLANG_ENABLE_MODULES = YES;
				CLANG_ENABLE_OBJC_ARC = YES;
				CLANG_WARN_BOOL_CONVERSION = YES;
				CLANG_WARN_CONSTANT_CONVERSION = YES;
				CLANG_WARN_DIRECT_OBJC_ISA_USAGE = YES_ERROR;
				CLANG_WARN_DOCUMENTATION_COMMENTS = YES;
				CLANG_WARN_EMPTY_BODY = YES;
				CLANG_WARN_ENUM_CONVERSION = YES;
				CLANG_WARN_INFINITE_RECURSION = YES;
				CLANG_WARN_INT_CONVERSION = YES;
				CLANG_WARN_OBJC_ROOT_CLASS = YES_ERROR;
				CLANG_WARN_SUSPICIOUS_MOVE = YES;
				CLANG_WARN_UNREACHABLE_CODE = YES;
				CLANG_WARN__DUPLICATE_METHOD_MATCH = YES;
				"CODE_SIGN_IDENTITY[sdk=iphoneos*]" = "iPhone Developer";
				COPY_PHASE_STRIP = NO;
				CURRENT_PROJECT_VERSION = 1;
				DEBUG_INFORMATION_FORMAT = dwarf;
				ENABLE_STRICT_OBJC_MSGSEND = YES;
				ENABLE_TESTABILITY = YES;
				GCC_C_LANGUAGE_STANDARD = gnu99;
				GCC_DYNAMIC_NO_PIC = NO;
				GCC_NO_COMMON_BLOCKS = YES;
				GCC_OPTIMIZATION_LEVEL = 0;
				GCC_PREPROCESSOR_DEFINITIONS = (
					"DEBUG=1",
					"$(inherited)",
				);
				GCC_WARN_64_TO_32_BIT_CONVERSION = YES;
				GCC_WARN_ABOUT_RETURN_TYPE = YES_ERROR;
				GCC_WARN_UNDECLARED_SELECTOR = YES;
				GCC_WARN_UNINITIALIZED_AUTOS = YES_AGGRESSIVE;
				GCC_WARN_UNUSED_FUNCTION = YES;
				GCC_WARN_UNUSED_VARIABLE = YES;
				IPHONEOS_DEPLOYMENT_TARGET = 10.3;
				MTL_ENABLE_DEBUG_INFO = YES;
				ONLY_ACTIVE_ARCH = YES;
				SDKROOT = iphoneos;
				SWIFT_ACTIVE_COMPILATION_CONDITIONS = DEBUG;
				SWIFT_OPTIMIZATION_LEVEL = "-Onone";
				TARGETED_DEVICE_FAMILY = "1,2";
				VERSIONING_SYSTEM = "apple-generic";
				VERSION_INFO_PREFIX = "";
			};
			name = Debug;
		};
		AB95E7F01F2073F800BD36AE /* Release */ = {
			isa = XCBuildConfiguration;
			buildSettings = {
				ALWAYS_SEARCH_USER_PATHS = NO;
				CLANG_ANALYZER_NONNULL = YES;
				CLANG_ANALYZER_NUMBER_OBJECT_CONVERSION = YES_AGGRESSIVE;
				CLANG_CXX_LANGUAGE_STANDARD = "gnu++0x";
				CLANG_CXX_LIBRARY = "libc++";
				CLANG_ENABLE_MODULES = YES;
				CLANG_ENABLE_OBJC_ARC = YES;
				CLANG_WARN_BOOL_CONVERSION = YES;
				CLANG_WARN_CONSTANT_CONVERSION = YES;
				CLANG_WARN_DIRECT_OBJC_ISA_USAGE = YES_ERROR;
				CLANG_WARN_DOCUMENTATION_COMMENTS = YES;
				CLANG_WARN_EMPTY_BODY = YES;
				CLANG_WARN_ENUM_CONVERSION = YES;
				CLANG_WARN_INFINITE_RECURSION = YES;
				CLANG_WARN_INT_CONVERSION = YES;
				CLANG_WARN_OBJC_ROOT_CLASS = YES_ERROR;
				CLANG_WARN_SUSPICIOUS_MOVE = YES;
				CLANG_WARN_UNREACHABLE_CODE = YES;
				CLANG_WARN__DUPLICATE_METHOD_MATCH = YES;
				"CODE_SIGN_IDENTITY[sdk=iphoneos*]" = "iPhone Developer";
				COPY_PHASE_STRIP = NO;
				CURRENT_PROJECT_VERSION = 1;
				DEBUG_INFORMATION_FORMAT = "dwarf-with-dsym";
				ENABLE_NS_ASSERTIONS = NO;
				ENABLE_STRICT_OBJC_MSGSEND = YES;
				GCC_C_LANGUAGE_STANDARD = gnu99;
				GCC_NO_COMMON_BLOCKS = YES;
				GCC_WARN_64_TO_32_BIT_CONVERSION = YES;
				GCC_WARN_ABOUT_RETURN_TYPE = YES_ERROR;
				GCC_WARN_UNDECLARED_SELECTOR = YES;
				GCC_WARN_UNINITIALIZED_AUTOS = YES_AGGRESSIVE;
				GCC_WARN_UNUSED_FUNCTION = YES;
				GCC_WARN_UNUSED_VARIABLE = YES;
				IPHONEOS_DEPLOYMENT_TARGET = 10.3;
				MTL_ENABLE_DEBUG_INFO = NO;
				SDKROOT = iphoneos;
				SWIFT_OPTIMIZATION_LEVEL = "-Owholemodule";
				TARGETED_DEVICE_FAMILY = "1,2";
				VALIDATE_PRODUCT = YES;
				VERSIONING_SYSTEM = "apple-generic";
				VERSION_INFO_PREFIX = "";
			};
			name = Release;
		};
		AB95E7F21F2073F800BD36AE /* Debug */ = {
			isa = XCBuildConfiguration;
			buildSettings = {
				CLANG_ENABLE_MODULES = YES;
				CODE_SIGN_IDENTITY = "";
				DEFINES_MODULE = YES;
				DEVELOPMENT_TEAM = 2658J76W2S;
				DYLIB_COMPATIBILITY_VERSION = 1;
				DYLIB_CURRENT_VERSION = 1;
				DYLIB_INSTALL_NAME_BASE = "@rpath";
				INFOPLIST_FILE = VNOfficeHourPicker/Info.plist;
				INSTALL_PATH = "$(LOCAL_LIBRARY_DIR)/Frameworks";
				LD_RUNPATH_SEARCH_PATHS = "$(inherited) @executable_path/Frameworks @loader_path/Frameworks";
				PRODUCT_BUNDLE_IDENTIFIER = com.varunnaharia.VNOfficeHourPicker;
				PRODUCT_NAME = "$(TARGET_NAME)";
				SKIP_INSTALL = YES;
				SWIFT_OPTIMIZATION_LEVEL = "-Onone";
				SWIFT_VERSION = 3.0;
			};
			name = Debug;
		};
		AB95E7F31F2073F800BD36AE /* Release */ = {
			isa = XCBuildConfiguration;
			buildSettings = {
				CLANG_ENABLE_MODULES = YES;
				CODE_SIGN_IDENTITY = "";
				DEFINES_MODULE = YES;
				DEVELOPMENT_TEAM = 2658J76W2S;
				DYLIB_COMPATIBILITY_VERSION = 1;
				DYLIB_CURRENT_VERSION = 1;
				DYLIB_INSTALL_NAME_BASE = "@rpath";
				INFOPLIST_FILE = VNOfficeHourPicker/Info.plist;
				INSTALL_PATH = "$(LOCAL_LIBRARY_DIR)/Frameworks";
				LD_RUNPATH_SEARCH_PATHS = "$(inherited) @executable_path/Frameworks @loader_path/Frameworks";
				PRODUCT_BUNDLE_IDENTIFIER = com.varunnaharia.VNOfficeHourPicker;
				PRODUCT_NAME = "$(TARGET_NAME)";
				SKIP_INSTALL = YES;
				SWIFT_VERSION = 3.0;
			};
			name = Release;
		};
		AB95E7F51F2073F800BD36AE /* Debug */ = {
			isa = XCBuildConfiguration;
			buildSettings = {
				ALWAYS_EMBED_SWIFT_STANDARD_LIBRARIES = YES;
				DEVELOPMENT_TEAM = 2658J76W2S;
				INFOPLIST_FILE = VNOfficeHourPickerTests/Info.plist;
				LD_RUNPATH_SEARCH_PATHS = "$(inherited) @executable_path/Frameworks @loader_path/Frameworks";
				PRODUCT_BUNDLE_IDENTIFIER = com.varunnaharia.VNOfficeHourPickerTests;
				PRODUCT_NAME = "$(TARGET_NAME)";
				SWIFT_VERSION = 3.0;
			};
			name = Debug;
		};
		AB95E7F61F2073F800BD36AE /* Release */ = {
			isa = XCBuildConfiguration;
			buildSettings = {
				ALWAYS_EMBED_SWIFT_STANDARD_LIBRARIES = YES;
				DEVELOPMENT_TEAM = 2658J76W2S;
				INFOPLIST_FILE = VNOfficeHourPickerTests/Info.plist;
				LD_RUNPATH_SEARCH_PATHS = "$(inherited) @executable_path/Frameworks @loader_path/Frameworks";
				PRODUCT_BUNDLE_IDENTIFIER = com.varunnaharia.VNOfficeHourPickerTests;
				PRODUCT_NAME = "$(TARGET_NAME)";
				SWIFT_VERSION = 3.0;
			};
			name = Release;
		};
/* End XCBuildConfiguration section */

/* Begin XCConfigurationList section */
		AB95E7D71F2073F800BD36AE /* Build configuration list for PBXProject "VNOfficeHourPicker" */ = {
			isa = XCConfigurationList;
			buildConfigurations = (
				AB95E7EF1F2073F800BD36AE /* Debug */,
				AB95E7F01F2073F800BD36AE /* Release */,
			);
			defaultConfigurationIsVisible = 0;
			defaultConfigurationName = Release;
		};
		AB95E7F11F2073F800BD36AE /* Build configuration list for PBXNativeTarget "VNOfficeHourPicker" */ = {
			isa = XCConfigurationList;
			buildConfigurations = (
				AB95E7F21F2073F800BD36AE /* Debug */,
				AB95E7F31F2073F800BD36AE /* Release */,
			);
			defaultConfigurationIsVisible = 0;
			defaultConfigurationName = Release;
		};
		AB95E7F41F2073F800BD36AE /* Build configuration list for PBXNativeTarget "VNOfficeHourPickerTests" */ = {
			isa = XCConfigurationList;
			buildConfigurations = (
				AB95E7F51F2073F800BD36AE /* Debug */,
				AB95E7F61F2073F800BD36AE /* Release */,
			);
			defaultConfigurationIsVisible = 0;
			defaultConfigurationName = Release;
		};
/* End XCConfigurationList section */
	};
	rootObject = AB95E7D41F2073F800BD36AE /* Project object */;
}
